
Microsoft Visual Studio Solution File, Format Version 12.00
# Visual Studio Version 17
VisualStudioVersion = 17.4.33213.308
MinimumVisualStudioVersion = 10.0.40219.1
Project("{FAE04EC0-301F-11D3-BF4B-00C04F79EFBC}") = "WEB_API_PROJEKT_2022_7.0", "WEB_API_PROJEKT_2022_7.0\WEB_API_PROJEKT_2022_7.0.csproj", "{59A1FD71-7E9D-40AE-8E66-4F0B8B52E208}"
EndProject
Global
	GlobalSection(SolutionConfigurationPlatforms) = preSolution
		Debug|Any CPU = Debug|Any CPU
		Release|Any CPU = Release|Any CPU
	EndGlobalSection
	GlobalSection(ProjectConfigurationPlatforms) = postSolution
		{59A1FD71-7E9D-40AE-8E66-4F0B8B52E208}.Debug|Any CPU.ActiveCfg = Debug|Any CPU
		{59A1FD71-7E9D-40AE-8E66-4F0B8B52E208}.Debug|Any CPU.Build.0 = Debug|Any CPU
		{59A1FD71-7E9D-40AE-8E66-4F0B8B52E208}.Release|Any CPU.ActiveCfg = Release|Any CPU
		{59A1FD71-7E9D-40AE-8E66-4F0B8B52E208}.Release|Any CPU.Build.0 = Release|Any CPU
	EndGlobalSection
	GlobalSection(SolutionProperties) = preSolution
		HideSolutionNode = FALSE
	EndGlobalSection
	GlobalSection(ExtensibilityGlobals) = postSolution
		SolutionGuid = {4AF99824-8D13-4DA0-B4AB-A0AF268FA70D}
	EndGlobalSection
EndGlobal
